// !$*UTF8*$!
{
	archiveVersion = 1;
	classes = {
	};
	objectVersion = 77;
	objects = {

/* Begin PBXBuildFile section */
		1F9252CE2EC8C38D00327316 /* Auth in Frameworks */ = {isa = PBXBuildFile; productRef = 1F9252CD2EC8C38D00327316 /* Auth */; };
		1F9252D02EC8C38D00327316 /* Functions in Frameworks */ = {isa = PBXBuildFile; productRef = 1F9252CF2EC8C38D00327316 /* Functions */; };
		1F9252D22EC8C38D00327316 /* PostgREST in Frameworks */ = {isa = PBXBuildFile; productRef = 1F9252D12EC8C38D00327316 /* PostgREST */; };
		1F9252D42EC8C38D00327316 /* Realtime in Frameworks */ = {isa = PBXBuildFile; productRef = 1F9252D32EC8C38D00327316 /* Realtime */; };
		1F9252D62EC8C38D00327316 /* Storage in Frameworks */ = {isa = PBXBuildFile; productRef = 1F9252D52EC8C38D00327316 /* Storage */; };
		1F9252D92EC8C69600327316 /* Supabase in Frameworks */ = {isa = PBXBuildFile; productRef = 1F9252D82EC8C69600327316 /* Supabase */; };
/* End PBXBuildFile section */

/* Begin PBXContainerItemProxy section */
		1FAD105C2EC18EE000C54244 /* PBXContainerItemProxy */ = {
			isa = PBXContainerItemProxy;
			containerPortal = 1FAD103D2EC18EDE00C54244 /* Project object */;
			proxyType = 1;
			remoteGlobalIDString = 1FAD10442EC18EDE00C54244;
			remoteInfo = PhysioConnect;
		};
		1FAD10662EC18EE000C54244 /* PBXContainerItemProxy */ = {
			isa = PBXContainerItemProxy;
			containerPortal = 1FAD103D2EC18EDE00C54244 /* Project object */;
			proxyType = 1;
			remoteGlobalIDString = 1FAD10442EC18EDE00C54244;
			remoteInfo = PhysioConnect;
		};
/* End PBXContainerItemProxy section */

/* Begin PBXFileReference section */
		1FAD10452EC18EDE00C54244 /* PhysioConnect.app */ = {isa = PBXFileReference; explicitFileType = wrapper.application; includeInIndex = 0; path = PhysioConnect.app; sourceTree = BUILT_PRODUCTS_DIR; };
		1FAD105B2EC18EE000C54244 /* PhysioConnectTests.xctest */ = {isa = PBXFileReference; explicitFileType = wrapper.cfbundle; includeInIndex = 0; path = PhysioConnectTests.xctest; sourceTree = BUILT_PRODUCTS_DIR; };
		1FAD10652EC18EE000C54244 /* PhysioConnectUITests.xctest */ = {isa = PBXFileReference; explicitFileType = wrapper.cfbundle; includeInIndex = 0; path = PhysioConnectUITests.xctest; sourceTree = BUILT_PRODUCTS_DIR; };
/* End PBXFileReference section */

/* Begin PBXFileSystemSynchronizedBuildFileExceptionSet section */
		1FAD106D2EC18EE000C54244 /* Exceptions for "PhysioConnect" folder in "PhysioConnect" target */ = {
			isa = PBXFileSystemSynchronizedBuildFileExceptionSet;
			membershipExceptions = (
				Info.plist,
			);
			target = 1FAD10442EC18EDE00C54244 /* PhysioConnect */;
		};
/* End PBXFileSystemSynchronizedBuildFileExceptionSet section */

/* Begin PBXFileSystemSynchronizedRootGroup section */
		1FAD10472EC18EDE00C54244 /* PhysioConnect */ = {
			isa = PBXFileSystemSynchronizedRootGroup;
			exceptions = (
				1FAD106D2EC18EE000C54244 /* Exceptions for "PhysioConnect" folder in "PhysioConnect" target */,
			);
			path = PhysioConnect;
			sourceTree = "<group>";
		};
		1FAD105E2EC18EE000C54244 /* PhysioConnectTests */ = {
			isa = PBXFileSystemSynchronizedRootGroup;
			path = PhysioConnectTests;
			sourceTree = "<group>";
		};
		1FAD10682EC18EE000C54244 /* PhysioConnectUITests */ = {
			isa = PBXFileSystemSynchronizedRootGroup;
			path = PhysioConnectUITests;
			sourceTree = "<group>";
		};
/* End PBXFileSystemSynchronizedRootGroup section */

/* Begin PBXFrameworksBuildPhase section */
		1FAD10422EC18EDE00C54244 /* Frameworks */ = {
			isa = PBXFrameworksBuildPhase;
			buildActionMask = 2147483647;
			files = (
				1F9252D22EC8C38D00327316 /* PostgREST in Frameworks */,
				1F9252D02EC8C38D00327316 /* Functions in Frameworks */,
				1F9252D92EC8C69600327316 /* Supabase in Frameworks */,
				1F9252CE2EC8C38D00327316 /* Auth in Frameworks */,
				1F9252D62EC8C38D00327316 /* Storage in Frameworks */,
				1F9252D42EC8C38D00327316 /* Realtime in Frameworks */,
			);
			runOnlyForDeploymentPostprocessing = 0;
		};
		1FAD10582EC18EE000C54244 /* Frameworks */ = {
			isa = PBXFrameworksBuildPhase;
			buildActionMask = 2147483647;
			files = (
			);
			runOnlyForDeploymentPostprocessing = 0;
		};
		1FAD10622EC18EE000C54244 /* Frameworks */ = {
			isa = PBXFrameworksBuildPhase;
			buildActionMask = 2147483647;
			files = (
			);
			runOnlyForDeploymentPostprocessing = 0;
		};
/* End PBXFrameworksBuildPhase section */

/* Begin PBXGroup section */
		1F9252D72EC8C69600327316 /* Frameworks */ = {
			isa = PBXGroup;
			children = (
			);
			name = Frameworks;
			sourceTree = "<group>";
		};
		1FAD103C2EC18EDE00C54244 = {
			isa = PBXGroup;
			children = (
				1FAD10472EC18EDE00C54244 /* PhysioConnect */,
				1FAD105E2EC18EE000C54244 /* PhysioConnectTests */,
				1FAD10682EC18EE000C54244 /* PhysioConnectUITests */,
				1F9252D72EC8C69600327316 /* Frameworks */,
				1FAD10462EC18EDE00C54244 /* Products */,
			);
			sourceTree = "<group>";
		};
		1FAD10462EC18EDE00C54244 /* Products */ = {
			isa = PBXGroup;
			children = (
				1FAD10452EC18EDE00C54244 /* PhysioConnect.app */,
				1FAD105B2EC18EE000C54244 /* PhysioConnectTests.xctest */,
				1FAD10652EC18EE000C54244 /* PhysioConnectUITests.xctest */,
			);
			name = Products;
			sourceTree = "<group>";
		};
/* End PBXGroup section */

/* Begin PBXNativeTarget section */
		1FAD10442EC18EDE00C54244 /* PhysioConnect */ = {
			isa = PBXNativeTarget;
			buildConfigurationList = 1FAD106E2EC18EE000C54244 /* Build configuration list for PBXNativeTarget "PhysioConnect" */;
			buildPhases = (
				1FAD10412EC18EDE00C54244 /* Sources */,
				1FAD10422EC18EDE00C54244 /* Frameworks */,
				1FAD10432EC18EDE00C54244 /* Resources */,
			);
			buildRules = (
			);
			dependencies = (
			);
			fileSystemSynchronizedGroups = (
				1FAD10472EC18EDE00C54244 /* PhysioConnect */,
			);
			name = PhysioConnect;
			packageProductDependencies = (
				1F9252CD2EC8C38D00327316 /* Auth */,
				1F9252CF2EC8C38D00327316 /* Functions */,
				1F9252D12EC8C38D00327316 /* PostgREST */,
				1F9252D32EC8C38D00327316 /* Realtime */,
				1F9252D52EC8C38D00327316 /* Storage */,
				1F9252D82EC8C69600327316 /* Supabase */,
			);
			productName = PhysioConnect;
			productReference = 1FAD10452EC18EDE00C54244 /* PhysioConnect.app */;
			productType = "com.apple.product-type.application";
		};
		1FAD105A2EC18EE000C54244 /* PhysioConnectTests */ = {
			isa = PBXNativeTarget;
			buildConfigurationList = 1FAD10732EC18EE000C54244 /* Build configuration list for PBXNativeTarget "PhysioConnectTests" */;
			buildPhases = (
				1FAD10572EC18EE000C54244 /* Sources */,
				1FAD10582EC18EE000C54244 /* Frameworks */,
				1FAD10592EC18EE000C54244 /* Resources */,
			);
			buildRules = (
			);
			dependencies = (
				1FAD105D2EC18EE000C54244 /* PBXTargetDependency */,
			);
			fileSystemSynchronizedGroups = (
				1FAD105E2EC18EE000C54244 /* PhysioConnectTests */,
			);
			name = PhysioConnectTests;
			packageProductDependencies = (
			);
			productName = PhysioConnectTests;
			productReference = 1FAD105B2EC18EE000C54244 /* PhysioConnectTests.xctest */;
			productType = "com.apple.product-type.bundle.unit-test";
		};
		1FAD10642EC18EE000C54244 /* PhysioConnectUITests */ = {
			isa = PBXNativeTarget;
			buildConfigurationList = 1FAD10762EC18EE000C54244 /* Build configuration list for PBXNativeTarget "PhysioConnectUITests" */;
			buildPhases = (
				1FAD10612EC18EE000C54244 /* Sources */,
				1FAD10622EC18EE000C54244 /* Frameworks */,
				1FAD10632EC18EE000C54244 /* Resources */,
			);
			buildRules = (
			);
			dependencies = (
				1FAD10672EC18EE000C54244 /* PBXTargetDependency */,
			);
			fileSystemSynchronizedGroups = (
				1FAD10682EC18EE000C54244 /* PhysioConnectUITests */,
			);
			name = PhysioConnectUITests;
			packageProductDependencies = (
			);
			productName = PhysioConnectUITests;
			productReference = 1FAD10652EC18EE000C54244 /* PhysioConnectUITests.xctest */;
			productType = "com.apple.product-type.bundle.ui-testing";
		};
/* End PBXNativeTarget section */

/* Begin PBXProject section */
		1FAD103D2EC18EDE00C54244 /* Project object */ = {
			isa = PBXProject;
			attributes = {
				BuildIndependentTargetsInParallel = 1;
				LastSwiftUpdateCheck = 1640;
				LastUpgradeCheck = 1640;
				TargetAttributes = {
					1FAD10442EC18EDE00C54244 = {
						CreatedOnToolsVersion = 16.4;
					};
					1FAD105A2EC18EE000C54244 = {
						CreatedOnToolsVersion = 16.4;
						TestTargetID = 1FAD10442EC18EDE00C54244;
					};
					1FAD10642EC18EE000C54244 = {
						CreatedOnToolsVersion = 16.4;
						TestTargetID = 1FAD10442EC18EDE00C54244;
					};
				};
			};
			buildConfigurationList = 1FAD10402EC18EDE00C54244 /* Build configuration list for PBXProject "PhysioConnect" */;
			developmentRegion = en;
			hasScannedForEncodings = 0;
			knownRegions = (
				en,
				Base,
			);
			mainGroup = 1FAD103C2EC18EDE00C54244;
			minimizedProjectReferenceProxies = 1;
			packageReferences = (
				1F9252CA2EC8BECB00327316 /* XCRemoteSwiftPackageReference "supabase-swift" */,
			);
			preferredProjectObjectVersion = 77;
			productRefGroup = 1FAD10462EC18EDE00C54244 /* Products */;
			projectDirPath = "";
			projectRoot = "";
			targets = (
				1FAD10442EC18EDE00C54244 /* PhysioConnect */,
				1FAD105A2EC18EE000C54244 /* PhysioConnectTests */,
				1FAD10642EC18EE000C54244 /* PhysioConnectUITests */,
			);
		};
/* End PBXProject section */

/* Begin PBXResourcesBuildPhase section */
		1FAD10432EC18EDE00C54244 /* Resources */ = {
			isa = PBXResourcesBuildPhase;
			buildActionMask = 2147483647;
			files = (
			);
			runOnlyForDeploymentPostprocessing = 0;
		};
		1FAD10592EC18EE000C54244 /* Resources */ = {
			isa = PBXResourcesBuildPhase;
			buildActionMask = 2147483647;
			files = (
			);
			runOnlyForDeploymentPostprocessing = 0;
		};
		1FAD10632EC18EE000C54244 /* Resources */ = {
			isa = PBXResourcesBuildPhase;
			buildActionMask = 2147483647;
			files = (
			);
			runOnlyForDeploymentPostprocessing = 0;
		};
/* End PBXResourcesBuildPhase section */

/* Begin PBXSourcesBuildPhase section */
		1FAD10412EC18EDE00C54244 /* Sources */ = {
			isa = PBXSourcesBuildPhase;
			buildActionMask = 2147483647;
			files = (
			);
			runOnlyForDeploymentPostprocessing = 0;
		};
		1FAD10572EC18EE000C54244 /* Sources */ = {
			isa = PBXSourcesBuildPhase;
			buildActionMask = 2147483647;
			files = (
			);
			runOnlyForDeploymentPostprocessing = 0;
		};
		1FAD10612EC18EE000C54244 /* Sources */ = {
			isa = PBXSourcesBuildPhase;
			buildActionMask = 2147483647;
			files = (
			);
			runOnlyForDeploymentPostprocessing = 0;
		};
/* End PBXSourcesBuildPhase section */

/* Begin PBXTargetDependency section */
		1FAD105D2EC18EE000C54244 /* PBXTargetDependency */ = {
			isa = PBXTargetDependency;
			target = 1FAD10442EC18EDE00C54244 /* PhysioConnect */;
			targetProxy = 1FAD105C2EC18EE000C54244 /* PBXContainerItemProxy */;
		};
		1FAD10672EC18EE000C54244 /* PBXTargetDependency */ = {
			isa = PBXTargetDependency;
			target = 1FAD10442EC18EDE00C54244 /* PhysioConnect */;
			targetProxy = 1FAD10662EC18EE000C54244 /* PBXContainerItemProxy */;
		};
/* End PBXTargetDependency section */

/* Begin XCBuildConfiguration section */
		1FAD106F2EC18EE000C54244 /* Debug */ = {
			isa = XCBuildConfiguration;
			buildSettings = {
				ASSETCATALOG_COMPILER_APPICON_NAME = AppIcon;
				ASSETCATALOG_COMPILER_GLOBAL_ACCENT_COLOR_NAME = AccentColor;
				CODE_SIGN_STYLE = Automatic;
				CURRENT_PROJECT_VERSION = 1;
				GENERATE_INFOPLIST_FILE = YES;
				INFOPLIST_FILE = PhysioConnect/Info.plist;
				INFOPLIST_KEY_UIApplicationSupportsIndirectInputEvents = YES;
				INFOPLIST_KEY_UILaunchStoryboardName = LaunchScreen;
				INFOPLIST_KEY_UIMainStoryboardFile = Main;
				INFOPLIST_KEY_UISupportedInterfaceOrientations_iPad = "UIInterfaceOrientationPortrait UIInterfaceOrientationPortraitUpsideDown UIInterfaceOrientationLandscapeLeft UIInterfaceOrientationLandscapeRight";
				INFOPLIST_KEY_UISupportedInterfaceOrientations_iPhone = "UIInterfaceOrientationPortrait UIInterfaceOrientationLandscapeLeft UIInterfaceOrientationLandscapeRight";
				LD_RUNPATH_SEARCH_PATHS = (
					"$(inherited)",
					"@executable_path/Frameworks",
				);
				MARKETING_VERSION = 1.0;
				PRODUCT_BUNDLE_IDENTIFIER = Saumya.PhysioConnect;
				PRODUCT_NAME = "$(TARGET_NAME)";
				SWIFT_EMIT_LOC_STRINGS = YES;
				SWIFT_VERSION = 5.0;
				TARGETED_DEVICE_FAMILY = "1,2";
			};
			name = Debug;
		};
		1FAD10702EC18EE000C54244 /* Release */ = {
			isa = XCBuildConfiguration;
			buildSettings = {
				ASSETCATALOG_COMPILER_APPICON_NAME = AppIcon;
				ASSETCATALOG_COMPILER_GLOBAL_ACCENT_COLOR_NAME = AccentColor;
				CODE_SIGN_STYLE = Automatic;
				CURRENT_PROJECT_VERSION = 1;
				GENERATE_INFOPLIST_FILE = YES;
				INFOPLIST_FILE = PhysioConnect/Info.plist;
				INFOPLIST_KEY_UIApplicationSupportsIndirectInputEvents = YES;
				INFOPLIST_KEY_UILaunchStoryboardName = LaunchScreen;
				INFOPLIST_KEY_UIMainStoryboardFile = Main;
				INFOPLIST_KEY_UISupportedInterfaceOrientations_iPad = "UIInterfaceOrientationPortrait UIInterfaceOrientationPortraitUpsideDown UIInterfaceOrientationLandscapeLeft UIInterfaceOrientationLandscapeRight";
				INFOPLIST_KEY_UISupportedInterfaceOrientations_iPhone = "UIInterfaceOrientationPortrait UIInterfaceOrientationLandscapeLeft UIInterfaceOrientationLandscapeRight";
				LD_RUNPATH_SEARCH_PATHS = (
					"$(inherited)",
					"@executable_path/Frameworks",
				);
				MARKETING_VERSION = 1.0;
				PRODUCT_BUNDLE_IDENTIFIER = Saumya.PhysioConnect;
				PRODUCT_NAME = "$(TARGET_NAME)";
				SWIFT_EMIT_LOC_STRINGS = YES;
				SWIFT_VERSION = 5.0;
				TARGETED_DEVICE_FAMILY = "1,2";
			};
			name = Release;
		};
		1FAD10712EC18EE000C54244 /* Debug */ = {
			isa = XCBuildConfiguration;
			buildSettings = {
				ALWAYS_SEARCH_USER_PATHS = NO;
				ASSETCATALOG_COMPILER_GENERATE_SWIFT_ASSET_SYMBOL_EXTENSIONS = YES;
				CLANG_ANALYZER_NONNULL = YES;
				CLANG_ANALYZER_NUMBER_OBJECT_CONVERSION = YES_AGGRESSIVE;
				CLANG_CXX_LANGUAGE_STANDARD = "gnu++20";
				CLANG_ENABLE_MODULES = YES;
				CLANG_ENABLE_OBJC_ARC = YES;
				CLANG_ENABLE_OBJC_WEAK = YES;
				CLANG_WARN_BLOCK_CAPTURE_AUTORELEASING = YES;
				CLANG_WARN_BOOL_CONVERSION = YES;
				CLANG_WARN_COMMA = YES;
				CLANG_WARN_CONSTANT_CONVERSION = YES;
				CLANG_WARN_DEPRECATED_OBJC_IMPLEMENTATIONS = YES;
				CLANG_WARN_DIRECT_OBJC_ISA_USAGE = YES_ERROR;
				CLANG_WARN_DOCUMENTATION_COMMENTS = YES;
				CLANG_WARN_EMPTY_BODY = YES;
				CLANG_WARN_ENUM_CONVERSION = YES;
				CLANG_WARN_INFINITE_RECURSION = YES;
				CLANG_WARN_INT_CONVERSION = YES;
				CLANG_WARN_NON_LITERAL_NULL_CONVERSION = YES;
				CLANG_WARN_OBJC_IMPLICIT_RETAIN_SELF = YES;
				CLANG_WARN_OBJC_LITERAL_CONVERSION = YES;
				CLANG_WARN_OBJC_ROOT_CLASS = YES_ERROR;
				CLANG_WARN_QUOTED_INCLUDE_IN_FRAMEWORK_HEADER = YES;
				CLANG_WARN_RANGE_LOOP_ANALYSIS = YES;
				CLANG_WARN_STRICT_PROTOTYPES = YES;
				CLANG_WARN_SUSPICIOUS_MOVE = YES;
				CLANG_WARN_UNGUARDED_AVAILABILITY = YES_AGGRESSIVE;
				CLANG_WARN_UNREACHABLE_CODE = YES;
				CLANG_WARN__DUPLICATE_METHOD_MATCH = YES;
				COPY_PHASE_STRIP = NO;
				DEBUG_INFORMATION_FORMAT = dwarf;
				ENABLE_STRICT_OBJC_MSGSEND = YES;
				ENABLE_TESTABILITY = YES;
				ENABLE_USER_SCRIPT_SANDBOXING = YES;
				GCC_C_LANGUAGE_STANDARD = gnu17;
				GCC_DYNAMIC_NO_PIC = NO;
				GCC_NO_COMMON_BLOCKS = YES;
				GCC_OPTIMIZATION_LEVEL = 0;
				GCC_PREPROCESSOR_DEFINITIONS = (
					"DEBUG=1",
					"$(inherited)",
				);
				GCC_WARN_64_TO_32_BIT_CONVERSION = YES;
				GCC_WARN_ABOUT_RETURN_TYPE = YES_ERROR;
				GCC_WARN_UNDECLARED_SELECTOR = YES;
				GCC_WARN_UNINITIALIZED_AUTOS = YES_AGGRESSIVE;
				GCC_WARN_UNUSED_FUNCTION = YES;
				GCC_WARN_UNUSED_VARIABLE = YES;
				IPHONEOS_DEPLOYMENT_TARGET = 18.5;
				LOCALIZATION_PREFERS_STRING_CATALOGS = YES;
				MTL_ENABLE_DEBUG_INFO = INCLUDE_SOURCE;
				MTL_FAST_MATH = YES;
				ONLY_ACTIVE_ARCH = YES;
				SDKROOT = iphoneos;
				SWIFT_ACTIVE_COMPILATION_CONDITIONS = "DEBUG $(inherited)";
				SWIFT_OPTIMIZATION_LEVEL = "-Onone";
			};
			name = Debug;
		};
		1FAD10722EC18EE000C54244 /* Release */ = {
			isa = XCBuildConfiguration;
			buildSettings = {
				ALWAYS_SEARCH_USER_PATHS = NO;
				ASSETCATALOG_COMPILER_GENERATE_SWIFT_ASSET_SYMBOL_EXTENSIONS = YES;
				CLANG_ANALYZER_NONNULL = YES;
				CLANG_ANALYZER_NUMBER_OBJECT_CONVERSION = YES_AGGRESSIVE;
				CLANG_CXX_LANGUAGE_STANDARD = "gnu++20";
				CLANG_ENABLE_MODULES = YES;
				CLANG_ENABLE_OBJC_ARC = YES;
				CLANG_ENABLE_OBJC_WEAK = YES;
				CLANG_WARN_BLOCK_CAPTURE_AUTORELEASING = YES;
				CLANG_WARN_BOOL_CONVERSION = YES;
				CLANG_WARN_COMMA = YES;
				CLANG_WARN_CONSTANT_CONVERSION = YES;
				CLANG_WARN_DEPRECATED_OBJC_IMPLEMENTATIONS = YES;
				CLANG_WARN_DIRECT_OBJC_ISA_USAGE = YES_ERROR;
				CLANG_WARN_DOCUMENTATION_COMMENTS = YES;
				CLANG_WARN_EMPTY_BODY = YES;
				CLANG_WARN_ENUM_CONVERSION = YES;
				CLANG_WARN_INFINITE_RECURSION = YES;
				CLANG_WARN_INT_CONVERSION = YES;
				CLANG_WARN_NON_LITERAL_NULL_CONVERSION = YES;
				CLANG_WARN_OBJC_IMPLICIT_RETAIN_SELF = YES;
				CLANG_WARN_OBJC_LITERAL_CONVERSION = YES;
				CLANG_WARN_OBJC_ROOT_CLASS = YES_ERROR;
				CLANG_WARN_QUOTED_INCLUDE_IN_FRAMEWORK_HEADER = YES;
				CLANG_WARN_RANGE_LOOP_ANALYSIS = YES;
				CLANG_WARN_STRICT_PROTOTYPES = YES;
				CLANG_WARN_SUSPICIOUS_MOVE = YES;
				CLANG_WARN_UNGUARDED_AVAILABILITY = YES_AGGRESSIVE;
				CLANG_WARN_UNREACHABLE_CODE = YES;
				CLANG_WARN__DUPLICATE_METHOD_MATCH = YES;
				COPY_PHASE_STRIP = NO;
				DEBUG_INFORMATION_FORMAT = "dwarf-with-dsym";
				ENABLE_NS_ASSERTIONS = NO;
				ENABLE_STRICT_OBJC_MSGSEND = YES;
				ENABLE_USER_SCRIPT_SANDBOXING = YES;
				GCC_C_LANGUAGE_STANDARD = gnu17;
				GCC_NO_COMMON_BLOCKS = YES;
				GCC_WARN_64_TO_32_BIT_CONVERSION = YES;
				GCC_WARN_ABOUT_RETURN_TYPE = YES_ERROR;
				GCC_WARN_UNDECLARED_SELECTOR = YES;
				GCC_WARN_UNINITIALIZED_AUTOS = YES_AGGRESSIVE;
				GCC_WARN_UNUSED_FUNCTION = YES;
				GCC_WARN_UNUSED_VARIABLE = YES;
				IPHONEOS_DEPLOYMENT_TARGET = 18.5;
				LOCALIZATION_PREFERS_STRING_CATALOGS = YES;
				MTL_ENABLE_DEBUG_INFO = NO;
				MTL_FAST_MATH = YES;
				SDKROOT = iphoneos;
				SWIFT_COMPILATION_MODE = wholemodule;
				VALIDATE_PRODUCT = YES;
			};
			name = Release;
		};
		1FAD10742EC18EE000C54244 /* Debug */ = {
			isa = XCBuildConfiguration;
			buildSettings = {
				BUNDLE_LOADER = "$(TEST_HOST)";
				CODE_SIGN_STYLE = Automatic;
				CURRENT_PROJECT_VERSION = 1;
				GENERATE_INFOPLIST_FILE = YES;
				IPHONEOS_DEPLOYMENT_TARGET = 18.5;
				MARKETING_VERSION = 1.0;
				PRODUCT_BUNDLE_IDENTIFIER = Saumya.PhysioConnectTests;
				PRODUCT_NAME = "$(TARGET_NAME)";
				SWIFT_EMIT_LOC_STRINGS = NO;
				SWIFT_VERSION = 5.0;
				TARGETED_DEVICE_FAMILY = "1,2";
				TEST_HOST = "$(BUILT_PRODUCTS_DIR)/PhysioConnect.app/$(BUNDLE_EXECUTABLE_FOLDER_PATH)/PhysioConnect";
			};
			name = Debug;
		};
		1FAD10752EC18EE000C54244 /* Release */ = {
			isa = XCBuildConfiguration;
			buildSettings = {
				BUNDLE_LOADER = "$(TEST_HOST)";
				CODE_SIGN_STYLE = Automatic;
				CURRENT_PROJECT_VERSION = 1;
				GENERATE_INFOPLIST_FILE = YES;
				IPHONEOS_DEPLOYMENT_TARGET = 18.5;
				MARKETING_VERSION = 1.0;
				PRODUCT_BUNDLE_IDENTIFIER = Saumya.PhysioConnectTests;
				PRODUCT_NAME = "$(TARGET_NAME)";
				SWIFT_EMIT_LOC_STRINGS = NO;
				SWIFT_VERSION = 5.0;
				TARGETED_DEVICE_FAMILY = "1,2";
				TEST_HOST = "$(BUILT_PRODUCTS_DIR)/PhysioConnect.app/$(BUNDLE_EXECUTABLE_FOLDER_PATH)/PhysioConnect";
			};
			name = Release;
		};
		1FAD10772EC18EE000C54244 /* Debug */ = {
			isa = XCBuildConfiguration;
			buildSettings = {
				CODE_SIGN_STYLE = Automatic;
				CURRENT_PROJECT_VERSION = 1;
				GENERATE_INFOPLIST_FILE = YES;
				MARKETING_VERSION = 1.0;
				PRODUCT_BUNDLE_IDENTIFIER = Saumya.PhysioConnectUITests;
				PRODUCT_NAME = "$(TARGET_NAME)";
				SWIFT_EMIT_LOC_STRINGS = NO;
				SWIFT_VERSION = 5.0;
				TARGETED_DEVICE_FAMILY = "1,2";
				TEST_TARGET_NAME = PhysioConnect;
			};
			name = Debug;
		};
		1FAD10782EC18EE000C54244 /* Release */ = {
			isa = XCBuildConfiguration;
			buildSettings = {
				CODE_SIGN_STYLE = Automatic;
				CURRENT_PROJECT_VERSION = 1;
				GENERATE_INFOPLIST_FILE = YES;
				MARKETING_VERSION = 1.0;
				PRODUCT_BUNDLE_IDENTIFIER = Saumya.PhysioConnectUITests;
				PRODUCT_NAME = "$(TARGET_NAME)";
				SWIFT_EMIT_LOC_STRINGS = NO;
				SWIFT_VERSION = 5.0;
				TARGETED_DEVICE_FAMILY = "1,2";
				TEST_TARGET_NAME = PhysioConnect;
			};
			name = Release;
		};
/* End XCBuildConfiguration section */

/* Begin XCConfigurationList section */
		1FAD10402EC18EDE00C54244 /* Build configuration list for PBXProject "PhysioConnect" */ = {
			isa = XCConfigurationList;
			buildConfigurations = (
				1FAD10712EC18EE000C54244 /* Debug */,
				1FAD10722EC18EE000C54244 /* Release */,
			);
			defaultConfigurationIsVisible = 0;
			defaultConfigurationName = Release;
		};
		1FAD106E2EC18EE000C54244 /* Build configuration list for PBXNativeTarget "PhysioConnect" */ = {
			isa = XCConfigurationList;
			buildConfigurations = (
				1FAD106F2EC18EE000C54244 /* Debug */,
				1FAD10702EC18EE000C54244 /* Release */,
			);
			defaultConfigurationIsVisible = 0;
			defaultConfigurationName = Release;
		};
		1FAD10732EC18EE000C54244 /* Build configuration list for PBXNativeTarget "PhysioConnectTests" */ = {
			isa = XCConfigurationList;
			buildConfigurations = (
				1FAD10742EC18EE000C54244 /* Debug */,
				1FAD10752EC18EE000C54244 /* Release */,
			);
			defaultConfigurationIsVisible = 0;
			defaultConfigurationName = Release;
		};
		1FAD10762EC18EE000C54244 /* Build configuration list for PBXNativeTarget "PhysioConnectUITests" */ = {
			isa = XCConfigurationList;
			buildConfigurations = (
				1FAD10772EC18EE000C54244 /* Debug */,
				1FAD10782EC18EE000C54244 /* Release */,
			);
			defaultConfigurationIsVisible = 0;
			defaultConfigurationName = Release;
		};
/* End XCConfigurationList section */

/* Begin XCRemoteSwiftPackageReference section */
		1F9252CA2EC8BECB00327316 /* XCRemoteSwiftPackageReference "supabase-swift" */ = {
			isa = XCRemoteSwiftPackageReference;
			repositoryURL = "https://github.com/supabase-community/supabase-swift";
			requirement = {
				kind = upToNextMajorVersion;
				minimumVersion = 2.5.1;
			};
		};
/* End XCRemoteSwiftPackageReference section */

/* Begin XCSwiftPackageProductDependency section */
		1F9252CD2EC8C38D00327316 /* Auth */ = {
			isa = XCSwiftPackageProductDependency;
			package = 1F9252CA2EC8BECB00327316 /* XCRemoteSwiftPackageReference "supabase-swift" */;
			productName = Auth;
		};
		1F9252CF2EC8C38D00327316 /* Functions */ = {
			isa = XCSwiftPackageProductDependency;
			package = 1F9252CA2EC8BECB00327316 /* XCRemoteSwiftPackageReference "supabase-swift" */;
			productName = Functions;
		};
		1F9252D12EC8C38D00327316 /* PostgREST */ = {
			isa = XCSwiftPackageProductDependency;
			package = 1F9252CA2EC8BECB00327316 /* XCRemoteSwiftPackageReference "supabase-swift" */;
			productName = PostgREST;
		};
		1F9252D32EC8C38D00327316 /* Realtime */ = {
			isa = XCSwiftPackageProductDependency;
			package = 1F9252CA2EC8BECB00327316 /* XCRemoteSwiftPackageReference "supabase-swift" */;
			productName = Realtime;
		};
		1F9252D52EC8C38D00327316 /* Storage */ = {
			isa = XCSwiftPackageProductDependency;
			package = 1F9252CA2EC8BECB00327316 /* XCRemoteSwiftPackageReference "supabase-swift" */;
			productName = Storage;
		};
		1F9252D82EC8C69600327316 /* Supabase */ = {
			isa = XCSwiftPackageProductDependency;
			package = 1F9252CA2EC8BECB00327316 /* XCRemoteSwiftPackageReference "supabase-swift" */;
			productName = Supabase;
		};
/* End XCSwiftPackageProductDependency section */
	};
	rootObject = 1FAD103D2EC18EDE00C54244 /* Project object */;
}
